
Microsoft Visual Studio Solution File, Format Version 12.00
# Visual Studio Version 17
VisualStudioVersion = 17.10.35013.160
MinimumVisualStudioVersion = 10.0.40219.1
Project("{9A19103F-16F7-4668-BE54-9A1E7A4F7556}") = "QuercusSimulator", "QuercusSimulator\QuercusSimulator.csproj", "{ADC255EF-A033-4F7C-97E1-8B3EDAD0FA78}"
EndProject
Project("{9A19103F-16F7-4668-BE54-9A1E7A4F7556}") = "LPMessageBuilder", "LPMessageBuilder\LPMessageBuilder.csproj", "{AA9BD198-4A31-4B32-90F4-94F0EBAD20CE}"
EndProject
Project("{9A19103F-16F7-4668-BE54-9A1E7A4F7556}") = "DecodeLPMessage", "DecodeLPMessage\DecodeLPMessage.csproj", "{DAD67865-D790-478B-A32C-78DAED8A4A6F}"
EndProject
Project("{9A19103F-16F7-4668-BE54-9A1E7A4F7556}") = "TriggerLPR", "TriggerLPR\TriggerLPR.csproj", "{D6FB099C-243E-48B8-94FC-C9C0F714CBBE}"
EndProject
Project("{9A19103F-16F7-4668-BE54-9A1E7A4F7556}") = "CaptureCurrentFrame", "CaptureCurrentFrame\CaptureCurrentFrame.csproj", "{CDC195F6-E9AE-4670-AE78-07E15F3D65E1}"
EndProject
Project("{9A19103F-16F7-4668-BE54-9A1E7A4F7556}") = "ImageBrightnessCalculator", "ImageBrightnessCalculator\ImageBrightnessCalculator.csproj", "{8D01E5AC-611D-4A4C-A865-227E279250EE}"
EndProject
Project("{9A19103F-16F7-4668-BE54-9A1E7A4F7556}") = "ActivateFocus", "ActivateFocus\ActivateFocus.csproj", "{D602191C-678F-4095-BA5E-1F3EA7B1A5F1}"
EndProject
Project("{9A19103F-16F7-4668-BE54-9A1E7A4F7556}") = "TriggerQuercus", "TriggerQuercus\TriggerQuercus.csproj", "{4B6B4C1C-9F5F-4CC0-875E-908FBE59CFAA}"
EndProject
Project("{9A19103F-16F7-4668-BE54-9A1E7A4F7556}") = "GetLastImage", "GetLastImage\GetLastImage.csproj", "{B53B446F-B16C-42DB-B335-346953D730FA}"
EndProject
Project("{9A19103F-16F7-4668-BE54-9A1E7A4F7556}") = "QuercusAPISnapshot", "QuercusAPISnapshot\QuercusAPISnapshot.csproj", "{855BDFB5-A58E-4FEF-B2C8-C6ED4B386CF5}"
EndProject
Project("{8BC9CEB8-8B4A-11D0-8D11-00A0C91BC942}") = "cplusplus", "cplusplus\cplusplus.vcxproj", "{40A54391-69DD-4CDD-9575-CBFBC34AD0CA}"
EndProject
Project("{9A19103F-16F7-4668-BE54-9A1E7A4F7556}") = "Cont_Image_capture_CSH", "Cont_Image_capture_CSH\Cont_Image_capture_CSH.csproj", "{5836CEAB-F74E-453F-BC41-3DB779E700AD}"
EndProject
Project("{9A19103F-16F7-4668-BE54-9A1E7A4F7556}") = "Brightness_Calculator2", "Brightness_Calculator2\Brightness_Calculator2.csproj", "{C75E28A9-684F-49E1-A622-6D06EC8F524A}"
EndProject
Project("{FAE04EC0-301F-11D3-BF4B-00C04F79EFBC}") = "BalancedBrightnessCalculator", "BalancedBrightnessCalculator\BalancedBrightnessCalculator.csproj", "{31A5D050-5EAC-4B6A-9BFE-8C9B12454B5A}"
EndProject
Global
	GlobalSection(SolutionConfigurationPlatforms) = preSolution
		Debug|Any CPU = Debug|Any CPU
		Debug|x64 = Debug|x64
		Debug|x86 = Debug|x86
		Release|Any CPU = Release|Any CPU
		Release|x64 = Release|x64
		Release|x86 = Release|x86
	EndGlobalSection
	GlobalSection(ProjectConfigurationPlatforms) = postSolution
		{ADC255EF-A033-4F7C-97E1-8B3EDAD0FA78}.Debug|Any CPU.ActiveCfg = Debug|Any CPU
		{ADC255EF-A033-4F7C-97E1-8B3EDAD0FA78}.Debug|Any CPU.Build.0 = Debug|Any CPU
		{ADC255EF-A033-4F7C-97E1-8B3EDAD0FA78}.Debug|x64.ActiveCfg = Debug|Any CPU
		{ADC255EF-A033-4F7C-97E1-8B3EDAD0FA78}.Debug|x64.Build.0 = Debug|Any CPU
		{ADC255EF-A033-4F7C-97E1-8B3EDAD0FA78}.Debug|x86.ActiveCfg = Debug|Any CPU
		{ADC255EF-A033-4F7C-97E1-8B3EDAD0FA78}.Debug|x86.Build.0 = Debug|Any CPU
		{ADC255EF-A033-4F7C-97E1-8B3EDAD0FA78}.Release|Any CPU.ActiveCfg = Release|Any CPU
		{ADC255EF-A033-4F7C-97E1-8B3EDAD0FA78}.Release|Any CPU.Build.0 = Release|Any CPU
		{ADC255EF-A033-4F7C-97E1-8B3EDAD0FA78}.Release|x64.ActiveCfg = Release|Any CPU
		{ADC255EF-A033-4F7C-97E1-8B3EDAD0FA78}.Release|x64.Build.0 = Release|Any CPU
		{ADC255EF-A033-4F7C-97E1-8B3EDAD0FA78}.Release|x86.ActiveCfg = Release|Any CPU
		{ADC255EF-A033-4F7C-97E1-8B3EDAD0FA78}.Release|x86.Build.0 = Release|Any CPU
		{AA9BD198-4A31-4B32-90F4-94F0EBAD20CE}.Debug|Any CPU.ActiveCfg = Debug|Any CPU
		{AA9BD198-4A31-4B32-90F4-94F0EBAD20CE}.Debug|Any CPU.Build.0 = Debug|Any CPU
		{AA9BD198-4A31-4B32-90F4-94F0EBAD20CE}.Debug|x64.ActiveCfg = Debug|Any CPU
		{AA9BD198-4A31-4B32-90F4-94F0EBAD20CE}.Debug|x64.Build.0 = Debug|Any CPU
		{AA9BD198-4A31-4B32-90F4-94F0EBAD20CE}.Debug|x86.ActiveCfg = Debug|Any CPU
		{AA9BD198-4A31-4B32-90F4-94F0EBAD20CE}.Debug|x86.Build.0 = Debug|Any CPU
		{AA9BD198-4A31-4B32-90F4-94F0EBAD20CE}.Release|Any CPU.ActiveCfg = Release|Any CPU
		{AA9BD198-4A31-4B32-90F4-94F0EBAD20CE}.Release|Any CPU.Build.0 = Release|Any CPU
		{AA9BD198-4A31-4B32-90F4-94F0EBAD20CE}.Release|x64.ActiveCfg = Release|Any CPU
		{AA9BD198-4A31-4B32-90F4-94F0EBAD20CE}.Release|x64.Build.0 = Release|Any CPU
		{AA9BD198-4A31-4B32-90F4-94F0EBAD20CE}.Release|x86.ActiveCfg = Release|Any CPU
		{AA9BD198-4A31-4B32-90F4-94F0EBAD20CE}.Release|x86.Build.0 = Release|Any CPU
		{DAD67865-D790-478B-A32C-78DAED8A4A6F}.Debug|Any CPU.ActiveCfg = Debug|Any CPU
		{DAD67865-D790-478B-A32C-78DAED8A4A6F}.Debug|Any CPU.Build.0 = Debug|Any CPU
		{DAD67865-D790-478B-A32C-78DAED8A4A6F}.Debug|x64.ActiveCfg = Debug|Any CPU
		{DAD67865-D790-478B-A32C-78DAED8A4A6F}.Debug|x64.Build.0 = Debug|Any CPU
		{DAD67865-D790-478B-A32C-78DAED8A4A6F}.Debug|x86.ActiveCfg = Debug|Any CPU
		{DAD67865-D790-478B-A32C-78DAED8A4A6F}.Debug|x86.Build.0 = Debug|Any CPU
		{DAD67865-D790-478B-A32C-78DAED8A4A6F}.Release|Any CPU.ActiveCfg = Release|Any CPU
		{DAD67865-D790-478B-A32C-78DAED8A4A6F}.Release|Any CPU.Build.0 = Release|Any CPU
		{DAD67865-D790-478B-A32C-78DAED8A4A6F}.Release|x64.ActiveCfg = Release|Any CPU
		{DAD67865-D790-478B-A32C-78DAED8A4A6F}.Release|x64.Build.0 = Release|Any CPU
		{DAD67865-D790-478B-A32C-78DAED8A4A6F}.Release|x86.ActiveCfg = Release|Any CPU
		{DAD67865-D790-478B-A32C-78DAED8A4A6F}.Release|x86.Build.0 = Release|Any CPU
		{D6FB099C-243E-48B8-94FC-C9C0F714CBBE}.Debug|Any CPU.ActiveCfg = Debug|Any CPU
		{D6FB099C-243E-48B8-94FC-C9C0F714CBBE}.Debug|Any CPU.Build.0 = Debug|Any CPU
		{D6FB099C-243E-48B8-94FC-C9C0F714CBBE}.Debug|x64.ActiveCfg = Debug|Any CPU
		{D6FB099C-243E-48B8-94FC-C9C0F714CBBE}.Debug|x64.Build.0 = Debug|Any CPU
		{D6FB099C-243E-48B8-94FC-C9C0F714CBBE}.Debug|x86.ActiveCfg = Debug|Any CPU
		{D6FB099C-243E-48B8-94FC-C9C0F714CBBE}.Debug|x86.Build.0 = Debug|Any CPU
		{D6FB099C-243E-48B8-94FC-C9C0F714CBBE}.Release|Any CPU.ActiveCfg = Release|Any CPU
		{D6FB099C-243E-48B8-94FC-C9C0F714CBBE}.Release|Any CPU.Build.0 = Release|Any CPU
		{D6FB099C-243E-48B8-94FC-C9C0F714CBBE}.Release|x64.ActiveCfg = Release|Any CPU
		{D6FB099C-243E-48B8-94FC-C9C0F714CBBE}.Release|x64.Build.0 = Release|Any CPU
		{D6FB099C-243E-48B8-94FC-C9C0F714CBBE}.Release|x86.ActiveCfg = Release|Any CPU
		{D6FB099C-243E-48B8-94FC-C9C0F714CBBE}.Release|x86.Build.0 = Release|Any CPU
		{CDC195F6-E9AE-4670-AE78-07E15F3D65E1}.Debug|Any CPU.ActiveCfg = Debug|Any CPU
		{CDC195F6-E9AE-4670-AE78-07E15F3D65E1}.Debug|Any CPU.Build.0 = Debug|Any CPU
		{CDC195F6-E9AE-4670-AE78-07E15F3D65E1}.Debug|x64.ActiveCfg = Debug|Any CPU
		{CDC195F6-E9AE-4670-AE78-07E15F3D65E1}.Debug|x64.Build.0 = Debug|Any CPU
		{CDC195F6-E9AE-4670-AE78-07E15F3D65E1}.Debug|x86.ActiveCfg = Debug|Any CPU
		{CDC195F6-E9AE-4670-AE78-07E15F3D65E1}.Debug|x86.Build.0 = Debug|Any CPU
		{CDC195F6-E9AE-4670-AE78-07E15F3D65E1}.Release|Any CPU.ActiveCfg = Release|Any CPU
		{CDC195F6-E9AE-4670-AE78-07E15F3D65E1}.Release|Any CPU.Build.0 = Release|Any CPU
		{CDC195F6-E9AE-4670-AE78-07E15F3D65E1}.Release|x64.ActiveCfg = Release|Any CPU
		{CDC195F6-E9AE-4670-AE78-07E15F3D65E1}.Release|x64.Build.0 = Release|Any CPU
		{CDC195F6-E9AE-4670-AE78-07E15F3D65E1}.Release|x86.ActiveCfg = Release|Any CPU
		{CDC195F6-E9AE-4670-AE78-07E15F3D65E1}.Release|x86.Build.0 = Release|Any CPU
		{8D01E5AC-611D-4A4C-A865-227E279250EE}.Debug|Any CPU.ActiveCfg = Debug|Any CPU
		{8D01E5AC-611D-4A4C-A865-227E279250EE}.Debug|Any CPU.Build.0 = Debug|Any CPU
		{8D01E5AC-611D-4A4C-A865-227E279250EE}.Debug|x64.ActiveCfg = Debug|Any CPU
		{8D01E5AC-611D-4A4C-A865-227E279250EE}.Debug|x64.Build.0 = Debug|Any CPU
		{8D01E5AC-611D-4A4C-A865-227E279250EE}.Debug|x86.ActiveCfg = Debug|Any CPU
		{8D01E5AC-611D-4A4C-A865-227E279250EE}.Debug|x86.Build.0 = Debug|Any CPU
		{8D01E5AC-611D-4A4C-A865-227E279250EE}.Release|Any CPU.ActiveCfg = Release|Any CPU
		{8D01E5AC-611D-4A4C-A865-227E279250EE}.Release|Any CPU.Build.0 = Release|Any CPU
		{8D01E5AC-611D-4A4C-A865-227E279250EE}.Release|x64.ActiveCfg = Release|Any CPU
		{8D01E5AC-611D-4A4C-A865-227E279250EE}.Release|x64.Build.0 = Release|Any CPU
		{8D01E5AC-611D-4A4C-A865-227E279250EE}.Release|x86.ActiveCfg = Release|Any CPU
		{8D01E5AC-611D-4A4C-A865-227E279250EE}.Release|x86.Build.0 = Release|Any CPU
		{D602191C-678F-4095-BA5E-1F3EA7B1A5F1}.Debug|Any CPU.ActiveCfg = Debug|Any CPU
		{D602191C-678F-4095-BA5E-1F3EA7B1A5F1}.Debug|Any CPU.Build.0 = Debug|Any CPU
		{D602191C-678F-4095-BA5E-1F3EA7B1A5F1}.Debug|x64.ActiveCfg = Debug|Any CPU
		{D602191C-678F-4095-BA5E-1F3EA7B1A5F1}.Debug|x64.Build.0 = Debug|Any CPU
		{D602191C-678F-4095-BA5E-1F3EA7B1A5F1}.Debug|x86.ActiveCfg = Debug|Any CPU
		{D602191C-678F-4095-BA5E-1F3EA7B1A5F1}.Debug|x86.Build.0 = Debug|Any CPU
		{D602191C-678F-4095-BA5E-1F3EA7B1A5F1}.Release|Any CPU.ActiveCfg = Release|Any CPU
		{D602191C-678F-4095-BA5E-1F3EA7B1A5F1}.Release|Any CPU.Build.0 = Release|Any CPU
		{D602191C-678F-4095-BA5E-1F3EA7B1A5F1}.Release|x64.ActiveCfg = Release|Any CPU
		{D602191C-678F-4095-BA5E-1F3EA7B1A5F1}.Release|x64.Build.0 = Release|Any CPU
		{D602191C-678F-4095-BA5E-1F3EA7B1A5F1}.Release|x86.ActiveCfg = Release|Any CPU
		{D602191C-678F-4095-BA5E-1F3EA7B1A5F1}.Release|x86.Build.0 = Release|Any CPU
		{4B6B4C1C-9F5F-4CC0-875E-908FBE59CFAA}.Debug|Any CPU.ActiveCfg = Debug|Any CPU
		{4B6B4C1C-9F5F-4CC0-875E-908FBE59CFAA}.Debug|Any CPU.Build.0 = Debug|Any CPU
		{4B6B4C1C-9F5F-4CC0-875E-908FBE59CFAA}.Debug|x64.ActiveCfg = Debug|Any CPU
		{4B6B4C1C-9F5F-4CC0-875E-908FBE59CFAA}.Debug|x64.Build.0 = Debug|Any CPU
		{4B6B4C1C-9F5F-4CC0-875E-908FBE59CFAA}.Debug|x86.ActiveCfg = Debug|Any CPU
		{4B6B4C1C-9F5F-4CC0-875E-908FBE59CFAA}.Debug|x86.Build.0 = Debug|Any CPU
		{4B6B4C1C-9F5F-4CC0-875E-908FBE59CFAA}.Release|Any CPU.ActiveCfg = Release|Any CPU
		{4B6B4C1C-9F5F-4CC0-875E-908FBE59CFAA}.Release|Any CPU.Build.0 = Release|Any CPU
		{4B6B4C1C-9F5F-4CC0-875E-908FBE59CFAA}.Release|x64.ActiveCfg = Release|Any CPU
		{4B6B4C1C-9F5F-4CC0-875E-908FBE59CFAA}.Release|x64.Build.0 = Release|Any CPU
		{4B6B4C1C-9F5F-4CC0-875E-908FBE59CFAA}.Release|x86.ActiveCfg = Release|Any CPU
		{4B6B4C1C-9F5F-4CC0-875E-908FBE59CFAA}.Release|x86.Build.0 = Release|Any CPU
		{B53B446F-B16C-42DB-B335-346953D730FA}.Debug|Any CPU.ActiveCfg = Debug|Any CPU
		{B53B446F-B16C-42DB-B335-346953D730FA}.Debug|Any CPU.Build.0 = Debug|Any CPU
		{B53B446F-B16C-42DB-B335-346953D730FA}.Debug|x64.ActiveCfg = Debug|Any CPU
		{B53B446F-B16C-42DB-B335-346953D730FA}.Debug|x64.Build.0 = Debug|Any CPU
		{B53B446F-B16C-42DB-B335-346953D730FA}.Debug|x86.ActiveCfg = Debug|Any CPU
		{B53B446F-B16C-42DB-B335-346953D730FA}.Debug|x86.Build.0 = Debug|Any CPU
		{B53B446F-B16C-42DB-B335-346953D730FA}.Release|Any CPU.ActiveCfg = Release|Any CPU
		{B53B446F-B16C-42DB-B335-346953D730FA}.Release|Any CPU.Build.0 = Release|Any CPU
		{B53B446F-B16C-42DB-B335-346953D730FA}.Release|x64.ActiveCfg = Release|Any CPU
		{B53B446F-B16C-42DB-B335-346953D730FA}.Release|x64.Build.0 = Release|Any CPU
		{B53B446F-B16C-42DB-B335-346953D730FA}.Release|x86.ActiveCfg = Release|Any CPU
		{B53B446F-B16C-42DB-B335-346953D730FA}.Release|x86.Build.0 = Release|Any CPU
		{855BDFB5-A58E-4FEF-B2C8-C6ED4B386CF5}.Debug|Any CPU.ActiveCfg = Debug|Any CPU
		{855BDFB5-A58E-4FEF-B2C8-C6ED4B386CF5}.Debug|Any CPU.Build.0 = Debug|Any CPU
		{855BDFB5-A58E-4FEF-B2C8-C6ED4B386CF5}.Debug|x64.ActiveCfg = Debug|Any CPU
		{855BDFB5-A58E-4FEF-B2C8-C6ED4B386CF5}.Debug|x64.Build.0 = Debug|Any CPU
		{855BDFB5-A58E-4FEF-B2C8-C6ED4B386CF5}.Debug|x86.ActiveCfg = Debug|Any CPU
		{855BDFB5-A58E-4FEF-B2C8-C6ED4B386CF5}.Debug|x86.Build.0 = Debug|Any CPU
		{855BDFB5-A58E-4FEF-B2C8-C6ED4B386CF5}.Release|Any CPU.ActiveCfg = Release|Any CPU
		{855BDFB5-A58E-4FEF-B2C8-C6ED4B386CF5}.Release|Any CPU.Build.0 = Release|Any CPU
		{855BDFB5-A58E-4FEF-B2C8-C6ED4B386CF5}.Release|x64.ActiveCfg = Release|Any CPU
		{855BDFB5-A58E-4FEF-B2C8-C6ED4B386CF5}.Release|x64.Build.0 = Release|Any CPU
		{855BDFB5-A58E-4FEF-B2C8-C6ED4B386CF5}.Release|x86.ActiveCfg = Release|Any CPU
		{855BDFB5-A58E-4FEF-B2C8-C6ED4B386CF5}.Release|x86.Build.0 = Release|Any CPU
		{40A54391-69DD-4CDD-9575-CBFBC34AD0CA}.Debug|Any CPU.ActiveCfg = Debug|x64
		{40A54391-69DD-4CDD-9575-CBFBC34AD0CA}.Debug|Any CPU.Build.0 = Debug|x64
		{40A54391-69DD-4CDD-9575-CBFBC34AD0CA}.Debug|x64.ActiveCfg = Debug|x64
		{40A54391-69DD-4CDD-9575-CBFBC34AD0CA}.Debug|x64.Build.0 = Debug|x64
		{40A54391-69DD-4CDD-9575-CBFBC34AD0CA}.Debug|x86.ActiveCfg = Debug|Win32
		{40A54391-69DD-4CDD-9575-CBFBC34AD0CA}.Debug|x86.Build.0 = Debug|Win32
		{40A54391-69DD-4CDD-9575-CBFBC34AD0CA}.Release|Any CPU.ActiveCfg = Release|x64
		{40A54391-69DD-4CDD-9575-CBFBC34AD0CA}.Release|Any CPU.Build.0 = Release|x64
		{40A54391-69DD-4CDD-9575-CBFBC34AD0CA}.Release|x64.ActiveCfg = Release|x64
		{40A54391-69DD-4CDD-9575-CBFBC34AD0CA}.Release|x64.Build.0 = Release|x64
		{40A54391-69DD-4CDD-9575-CBFBC34AD0CA}.Release|x86.ActiveCfg = Release|Win32
		{40A54391-69DD-4CDD-9575-CBFBC34AD0CA}.Release|x86.Build.0 = Release|Win32
		{5836CEAB-F74E-453F-BC41-3DB779E700AD}.Debug|Any CPU.ActiveCfg = Debug|Any CPU
		{5836CEAB-F74E-453F-BC41-3DB779E700AD}.Debug|Any CPU.Build.0 = Debug|Any CPU
		{5836CEAB-F74E-453F-BC41-3DB779E700AD}.Debug|x64.ActiveCfg = Debug|Any CPU
		{5836CEAB-F74E-453F-BC41-3DB779E700AD}.Debug|x64.Build.0 = Debug|Any CPU
		{5836CEAB-F74E-453F-BC41-3DB779E700AD}.Debug|x86.ActiveCfg = Debug|Any CPU
		{5836CEAB-F74E-453F-BC41-3DB779E700AD}.Debug|x86.Build.0 = Debug|Any CPU
		{5836CEAB-F74E-453F-BC41-3DB779E700AD}.Release|Any CPU.ActiveCfg = Release|Any CPU
		{5836CEAB-F74E-453F-BC41-3DB779E700AD}.Release|Any CPU.Build.0 = Release|Any CPU
		{5836CEAB-F74E-453F-BC41-3DB779E700AD}.Release|x64.ActiveCfg = Release|Any CPU
		{5836CEAB-F74E-453F-BC41-3DB779E700AD}.Release|x64.Build.0 = Release|Any CPU
		{5836CEAB-F74E-453F-BC41-3DB779E700AD}.Release|x86.ActiveCfg = Release|Any CPU
		{5836CEAB-F74E-453F-BC41-3DB779E700AD}.Release|x86.Build.0 = Release|Any CPU
		{C75E28A9-684F-49E1-A622-6D06EC8F524A}.Debug|Any CPU.ActiveCfg = Debug|Any CPU
		{C75E28A9-684F-49E1-A622-6D06EC8F524A}.Debug|Any CPU.Build.0 = Debug|Any CPU
		{C75E28A9-684F-49E1-A622-6D06EC8F524A}.Debug|x64.ActiveCfg = Debug|Any CPU
		{C75E28A9-684F-49E1-A622-6D06EC8F524A}.Debug|x64.Build.0 = Debug|Any CPU
		{C75E28A9-684F-49E1-A622-6D06EC8F524A}.Debug|x86.ActiveCfg = Debug|Any CPU
		{C75E28A9-684F-49E1-A622-6D06EC8F524A}.Debug|x86.Build.0 = Debug|Any CPU
		{C75E28A9-684F-49E1-A622-6D06EC8F524A}.Release|Any CPU.ActiveCfg = Release|Any CPU
		{C75E28A9-684F-49E1-A622-6D06EC8F524A}.Release|Any CPU.Build.0 = Release|Any CPU
		{C75E28A9-684F-49E1-A622-6D06EC8F524A}.Release|x64.ActiveCfg = Release|Any CPU
		{C75E28A9-684F-49E1-A622-6D06EC8F524A}.Release|x64.Build.0 = Release|Any CPU
		{C75E28A9-684F-49E1-A622-6D06EC8F524A}.Release|x86.ActiveCfg = Release|Any CPU
		{C75E28A9-684F-49E1-A622-6D06EC8F524A}.Release|x86.Build.0 = Release|Any CPU
		{31A5D050-5EAC-4B6A-9BFE-8C9B12454B5A}.Debug|Any CPU.ActiveCfg = Debug|Any CPU
		{31A5D050-5EAC-4B6A-9BFE-8C9B12454B5A}.Debug|Any CPU.Build.0 = Debug|Any CPU
		{31A5D050-5EAC-4B6A-9BFE-8C9B12454B5A}.Debug|x64.ActiveCfg = Debug|Any CPU
		{31A5D050-5EAC-4B6A-9BFE-8C9B12454B5A}.Debug|x64.Build.0 = Debug|Any CPU
		{31A5D050-5EAC-4B6A-9BFE-8C9B12454B5A}.Debug|x86.ActiveCfg = Debug|Any CPU
		{31A5D050-5EAC-4B6A-9BFE-8C9B12454B5A}.Debug|x86.Build.0 = Debug|Any CPU
		{31A5D050-5EAC-4B6A-9BFE-8C9B12454B5A}.Release|Any CPU.ActiveCfg = Release|Any CPU
		{31A5D050-5EAC-4B6A-9BFE-8C9B12454B5A}.Release|Any CPU.Build.0 = Release|Any CPU
		{31A5D050-5EAC-4B6A-9BFE-8C9B12454B5A}.Release|x64.ActiveCfg = Release|Any CPU
		{31A5D050-5EAC-4B6A-9BFE-8C9B12454B5A}.Release|x64.Build.0 = Release|Any CPU
		{31A5D050-5EAC-4B6A-9BFE-8C9B12454B5A}.Release|x86.ActiveCfg = Release|Any CPU
		{31A5D050-5EAC-4B6A-9BFE-8C9B12454B5A}.Release|x86.Build.0 = Release|Any CPU
	EndGlobalSection
	GlobalSection(SolutionProperties) = preSolution
		HideSolutionNode = FALSE
	EndGlobalSection
	GlobalSection(ExtensibilityGlobals) = postSolution
		SolutionGuid = {C59746AF-C73D-4ED2-8608-84C8AC728593}
	EndGlobalSection
EndGlobal
