
Microsoft Visual Studio Solution File, Format Version 12.00
# Visual Studio Version 17
VisualStudioVersion = 17.10.35013.160
MinimumVisualStudioVersion = 10.0.40219.1
Project("{9A19103F-16F7-4668-BE54-9A1E7A4F7556}") = "QuercusSimulator", "QuercusSimulator\QuercusSimulator.csproj", "{ADC255EF-A033-4F7C-97E1-8B3EDAD0FA78}"
EndProject
Project("{9A19103F-16F7-4668-BE54-9A1E7A4F7556}") = "LPMessageBuilder", "LPMessageBuilder\LPMessageBuilder.csproj", "{AA9BD198-4A31-4B32-90F4-94F0EBAD20CE}"
EndProject
Project("{9A19103F-16F7-4668-BE54-9A1E7A4F7556}") = "DecodeLPMessage", "DecodeLPMessage\DecodeLPMessage.csproj", "{DAD67865-D790-478B-A32C-78DAED8A4A6F}"
EndProject
Project("{FAE04EC0-301F-11D3-BF4B-00C04F79EFBC}") = "TriggerLPR", "TriggerLPR\TriggerLPR.csproj", "{D6FB099C-243E-48B8-94FC-C9C0F714CBBE}"
EndProject
Project("{FAE04EC0-301F-11D3-BF4B-00C04F79EFBC}") = "CaptureCurrentFrame", "CaptureCurrentFrame\CaptureCurrentFrame.csproj", "{CDC195F6-E9AE-4670-AE78-07E15F3D65E1}"
EndProject
Global
	GlobalSection(SolutionConfigurationPlatforms) = preSolution
		Debug|Any CPU = Debug|Any CPU
		Release|Any CPU = Release|Any CPU
	EndGlobalSection
	GlobalSection(ProjectConfigurationPlatforms) = postSolution
		{ADC255EF-A033-4F7C-97E1-8B3EDAD0FA78}.Debug|Any CPU.ActiveCfg = Debug|Any CPU
		{ADC255EF-A033-4F7C-97E1-8B3EDAD0FA78}.Debug|Any CPU.Build.0 = Debug|Any CPU
		{ADC255EF-A033-4F7C-97E1-8B3EDAD0FA78}.Release|Any CPU.ActiveCfg = Release|Any CPU
		{ADC255EF-A033-4F7C-97E1-8B3EDAD0FA78}.Release|Any CPU.Build.0 = Release|Any CPU
		{AA9BD198-4A31-4B32-90F4-94F0EBAD20CE}.Debug|Any CPU.ActiveCfg = Debug|Any CPU
		{AA9BD198-4A31-4B32-90F4-94F0EBAD20CE}.Debug|Any CPU.Build.0 = Debug|Any CPU
		{AA9BD198-4A31-4B32-90F4-94F0EBAD20CE}.Release|Any CPU.ActiveCfg = Release|Any CPU
		{AA9BD198-4A31-4B32-90F4-94F0EBAD20CE}.Release|Any CPU.Build.0 = Release|Any CPU
		{DAD67865-D790-478B-A32C-78DAED8A4A6F}.Debug|Any CPU.ActiveCfg = Debug|Any CPU
		{DAD67865-D790-478B-A32C-78DAED8A4A6F}.Debug|Any CPU.Build.0 = Debug|Any CPU
		{DAD67865-D790-478B-A32C-78DAED8A4A6F}.Release|Any CPU.ActiveCfg = Release|Any CPU
		{DAD67865-D790-478B-A32C-78DAED8A4A6F}.Release|Any CPU.Build.0 = Release|Any CPU
		{D6FB099C-243E-48B8-94FC-C9C0F714CBBE}.Debug|Any CPU.ActiveCfg = Debug|Any CPU
		{D6FB099C-243E-48B8-94FC-C9C0F714CBBE}.Debug|Any CPU.Build.0 = Debug|Any CPU
		{D6FB099C-243E-48B8-94FC-C9C0F714CBBE}.Release|Any CPU.ActiveCfg = Release|Any CPU
		{D6FB099C-243E-48B8-94FC-C9C0F714CBBE}.Release|Any CPU.Build.0 = Release|Any CPU
		{CDC195F6-E9AE-4670-AE78-07E15F3D65E1}.Debug|Any CPU.ActiveCfg = Debug|Any CPU
		{CDC195F6-E9AE-4670-AE78-07E15F3D65E1}.Debug|Any CPU.Build.0 = Debug|Any CPU
		{CDC195F6-E9AE-4670-AE78-07E15F3D65E1}.Release|Any CPU.ActiveCfg = Release|Any CPU
		{CDC195F6-E9AE-4670-AE78-07E15F3D65E1}.Release|Any CPU.Build.0 = Release|Any CPU
	EndGlobalSection
	GlobalSection(SolutionProperties) = preSolution
		HideSolutionNode = FALSE
	EndGlobalSection
	GlobalSection(ExtensibilityGlobals) = postSolution
		SolutionGuid = {C59746AF-C73D-4ED2-8608-84C8AC728593}
	EndGlobalSection
EndGlobal
